
Microsoft Visual Studio Solution File, Format Version 12.00
# Visual Studio Version 17
VisualStudioVersion = 17.14.36518.9 d17.14
MinimumVisualStudioVersion = 10.0.40219.1
Project("{FAE04EC0-301F-11D3-BF4B-00C04F79EFBC}") = "Console_Hello", "Console_Hello.csproj", "{711517DF-87F5-4551-AB64-CBDE1239028C}"
EndProject
Global
	GlobalSection(SolutionConfigurationPlatforms) = preSolution
		Debug|Any CPU = Debug|Any CPU
		Release|Any CPU = Release|Any CPU
	EndGlobalSection
	GlobalSection(ProjectConfigurationPlatforms) = postSolution
		{711517DF-87F5-4551-AB64-CBDE1239028C}.Debug|Any CPU.ActiveCfg = Debug|Any CPU
		{711517DF-87F5-4551-AB64-CBDE1239028C}.Debug|Any CPU.Build.0 = Debug|Any CPU
		{711517DF-87F5-4551-AB64-CBDE1239028C}.Release|Any CPU.ActiveCfg = Release|Any CPU
		{711517DF-87F5-4551-AB64-CBDE1239028C}.Release|Any CPU.Build.0 = Release|Any CPU
	EndGlobalSection
	GlobalSection(SolutionProperties) = preSolution
		HideSolutionNode = FALSE
	EndGlobalSection
	GlobalSection(ExtensibilityGlobals) = postSolution
		SolutionGuid = {5982B32D-3BFE-4FC6-A200-EC79D4EE91FD}
	EndGlobalSection
EndGlobal
